{
  "name": "@winglibs/ngrok",
  "version": "0.0.11",
  "lockfileVersion": 3,
  "requires": true,
  "packages": {
    "": {
      "name": "@winglibs/ngrok",
      "version": "0.0.11",
      "license": "MIT",
      "peerDependencies": {
        "@ngrok/ngrok": "^0.9.1"
      }
    },
    "node_modules/@ngrok/ngrok": {
      "version": "0.9.1",
      "resolved": "https://registry.npmjs.org/@ngrok/ngrok/-/ngrok-0.9.1.tgz",
      "integrity": "sha512-G9C+ih9aiaQ2MGia2TEpxObQiJAyZXETD9FgwDqUuAk6Hq0Unby7XogdAH2H6hWkTBCkEYdTtA6397Bd2Vr2dQ==",
      "peer": true,
      "engines": {
        "node": ">= 10"
      },
      "optionalDependencies": {
        "@ngrok/ngrok-android-arm-eabi": "0.9.1",
        "@ngrok/ngrok-android-arm64": "0.9.1",
        "@ngrok/ngrok-darwin-arm64": "0.9.1",
        "@ngrok/ngrok-darwin-universal": "0.9.1",
        "@ngrok/ngrok-darwin-x64": "0.9.1",
        "@ngrok/ngrok-freebsd-x64": "0.9.1",
        "@ngrok/ngrok-linux-arm-gnueabihf": "0.9.1",
        "@ngrok/ngrok-linux-arm64-gnu": "0.9.1",
        "@ngrok/ngrok-linux-arm64-musl": "0.9.1",
        "@ngrok/ngrok-linux-x64-gnu": "0.9.1",
        "@ngrok/ngrok-linux-x64-musl": "0.9.1",
        "@ngrok/ngrok-win32-ia32-msvc": "0.9.1",
        "@ngrok/ngrok-win32-x64-msvc": "0.9.1"
      }
    },
    "node_modules/@ngrok/ngrok-android-arm-eabi": {
      "version": "0.9.1",
      "resolved": "https://registry.npmjs.org/@ngrok/ngrok-android-arm-eabi/-/ngrok-android-arm-eabi-0.9.1.tgz",
      "integrity": "sha512-/kQdjpBEsYjeo7rya0nA0uv5btoCk9aj0qqO2zMyeOO3m2qRIMH9lveCe1mOYPP4nNljPSq6JYa9qCrt5yMXUw==",
      "cpu": [
        "arm"
      ],
      "optional": true,
      "os": [
        "android"
      ],
      "peer": true,
      "engines": {
        "node": ">= 10"
      }
    },
    "node_modules/@ngrok/ngrok-android-arm64": {
      "version": "0.9.1",
      "resolved": "https://registry.npmjs.org/@ngrok/ngrok-android-arm64/-/ngrok-android-arm64-0.9.1.tgz",
      "integrity": "sha512-vtenZxSqLYHQoVQK5llQ0xaizLEmZpWQGv7OwbwSOhDD8YgnEeqZx+Rmbz4VwiLhAnwZ6MG08DFYkVeG5nI/Gg==",
      "cpu": [
        "arm64"
      ],
      "optional": true,
      "os": [
        "android"
      ],
      "peer": true,
      "engines": {
        "node": ">= 10"
      }
    },
    "node_modules/@ngrok/ngrok-darwin-arm64": {
      "version": "0.9.1",
      "resolved": "https://registry.npmjs.org/@ngrok/ngrok-darwin-arm64/-/ngrok-darwin-arm64-0.9.1.tgz",
      "integrity": "sha512-UGm8PE1WY/+4WnejpXWf8aqKMOaxLqMavU7C+j3HKoe7Bk/7mZsGafPkGHoczvZXx1L3nqCm6O3yN5YzzqfZUw==",
      "cpu": [
        "arm64"
      ],
      "optional": true,
      "os": [
        "darwin"
      ],
      "peer": true,
      "engines": {
        "node": ">= 10"
      }
    },
    "node_modules/@ngrok/ngrok-darwin-universal": {
      "version": "0.9.1",
      "resolved": "https://registry.npmjs.org/@ngrok/ngrok-darwin-universal/-/ngrok-darwin-universal-0.9.1.tgz",
      "integrity": "sha512-cfcRqpreLSFpYHDdrB+KMiZwRFylmbD5cE3V5J/Lb6C7Vmu5MdZRMdMN5qafvdmEx96tH+zR45GbD58+vobLyw==",
      "optional": true,
      "os": [
        "darwin"
      ],
      "peer": true,
      "engines": {
        "node": ">= 10"
      }
    },
    "node_modules/@ngrok/ngrok-darwin-x64": {
      "version": "0.9.1",
      "resolved": "https://registry.npmjs.org/@ngrok/ngrok-darwin-x64/-/ngrok-darwin-x64-0.9.1.tgz",
      "integrity": "sha512-fURb7XTKh/RyB7vWeUHd/HntRKqQqGI3ZDhkgGS8bG6fllqj9lK5tlutinfU3dwE/R/g2LMauvscS3fqPdFaJA==",
      "cpu": [
        "x64"
      ],
      "optional": true,
      "os": [
        "darwin"
      ],
      "peer": true,
      "engines": {
        "node": ">= 10"
      }
    },
    "node_modules/@ngrok/ngrok-freebsd-x64": {
      "version": "0.9.1",
      "resolved": "https://registry.npmjs.org/@ngrok/ngrok-freebsd-x64/-/ngrok-freebsd-x64-0.9.1.tgz",
      "integrity": "sha512-8ANg7z1Ob4G/Aa275c+HiEDR3UEP/QlqQN+HKCmoPODfwY9sIG5+ioviGYkLWMwZ6f1f1zFV8+ETV93mzboi4g==",
      "cpu": [
        "x64"
      ],
      "optional": true,
      "os": [
        "freebsd"
      ],
      "peer": true,
      "engines": {
        "node": ">= 10"
      }
    },
    "node_modules/@ngrok/ngrok-linux-arm-gnueabihf": {
      "version": "0.9.1",
      "resolved": "https://registry.npmjs.org/@ngrok/ngrok-linux-arm-gnueabihf/-/ngrok-linux-arm-gnueabihf-0.9.1.tgz",
      "integrity": "sha512-p3iTPJCVoXdptO3Jvb/SQFwvHe1Hw+Y8xVnVi3dnQQHVHqZxK9ye+HjXH/AFTmEG5IZTlZoz2qHtpwCBWO5LLg==",
      "cpu": [
        "arm"
      ],
      "optional": true,
      "os": [
        "linux"
      ],
      "peer": true,
      "engines": {
        "node": ">= 10"
      }
    },
    "node_modules/@ngrok/ngrok-linux-arm64-gnu": {
      "version": "0.9.1",
      "resolved": "https://registry.npmjs.org/@ngrok/ngrok-linux-arm64-gnu/-/ngrok-linux-arm64-gnu-0.9.1.tgz",
      "integrity": "sha512-8CKxPqZnAsZmTXZTuOEQVmc2nOWbRpV5cjAxpsDk5cqyY6HPN08XqnAX+8mhcFvjsGViTHnrmny0Fxwvf4g/MQ==",
      "cpu": [
        "arm64"
      ],
      "optional": true,
      "os": [
        "linux"
      ],
      "peer": true,
      "engines": {
        "node": ">= 10"
      }
    },
    "node_modules/@ngrok/ngrok-linux-arm64-musl": {
      "version": "0.9.1",
      "resolved": "https://registry.npmjs.org/@ngrok/ngrok-linux-arm64-musl/-/ngrok-linux-arm64-musl-0.9.1.tgz",
      "integrity": "sha512-GaD2+PvLTEnQdALHtwWPpaSHK3YHfF2FnI8Ze6ohiXVVCKxYVGXAZ6EmMeVnv7+t/zxcHyTcS91REUX51IWCiQ==",
      "cpu": [
        "arm64"
      ],
      "optional": true,
      "os": [
        "linux"
      ],
      "peer": true,
      "engines": {
        "node": ">= 10"
      }
    },
    "node_modules/@ngrok/ngrok-linux-x64-gnu": {
      "version": "0.9.1",
      "resolved": "https://registry.npmjs.org/@ngrok/ngrok-linux-x64-gnu/-/ngrok-linux-x64-gnu-0.9.1.tgz",
      "integrity": "sha512-Hh0KBIuFtNaaeZj3px1UlkXwqZpiCsvcyu7wQ4U1rKJTRw79Qh7Ulm78uJ0a3mmG7J0yokUnCkPGsrpLcj7fbQ==",
      "cpu": [
        "x64"
      ],
      "optional": true,
      "os": [
        "linux"
      ],
      "peer": true,
      "engines": {
        "node": ">= 10"
      }
    },
    "node_modules/@ngrok/ngrok-linux-x64-musl": {
      "version": "0.9.1",
      "resolved": "https://registry.npmjs.org/@ngrok/ngrok-linux-x64-musl/-/ngrok-linux-x64-musl-0.9.1.tgz",
      "integrity": "sha512-OBitwuCkedTyr92VF0T/hTYQ0Y+HDEUVrDWTVxkdaSbp5mTNscUVelrUYkVDYdFiHg+PXyF4qHJq+IlrqShoiQ==",
      "cpu": [
        "x64"
      ],
      "optional": true,
      "os": [
        "linux"
      ],
      "peer": true,
      "engines": {
        "node": ">= 10"
      }
    },
    "node_modules/@ngrok/ngrok-win32-ia32-msvc": {
      "version": "0.9.1",
      "resolved": "https://registry.npmjs.org/@ngrok/ngrok-win32-ia32-msvc/-/ngrok-win32-ia32-msvc-0.9.1.tgz",
      "integrity": "sha512-oYtgsu5FdrSaLlpiJjmcD8wMdkd/QaoojKnTjimBgvTyq64e1WgjtycGk6JESO08gpbd/3p1MCx2FmzBjzsdOw==",
      "cpu": [
        "ia32"
      ],
      "optional": true,
      "os": [
        "win32"
      ],
      "peer": true,
      "engines": {
        "node": ">= 10"
      }
    },
    "node_modules/@ngrok/ngrok-win32-x64-msvc": {
      "version": "0.9.1",
      "resolved": "https://registry.npmjs.org/@ngrok/ngrok-win32-x64-msvc/-/ngrok-win32-x64-msvc-0.9.1.tgz",
      "integrity": "sha512-98Qum+DOIr50FM9A+BrwHPNbcpk0S23uSPlzNTvARybUFYgp6UxVCvZ6P/anZNVDSS+F+mHoIokS5X3Liwka4Q==",
      "cpu": [
        "x64"
      ],
      "optional": true,
      "os": [
        "win32"
      ],
      "peer": true,
      "engines": {
        "node": ">= 10"
      }
    }
  }
}
